
Microsoft Visual Studio Solution File, Format Version 12.00
# Visual Studio Version 16
VisualStudioVersion = 16.0.30413.136
MinimumVisualStudioVersion = 10.0.40219.1
Project("{9A19103F-16F7-4668-BE54-9A1E7A4F7556}") = "Zero.Core.WebApi", "Zero.Core.WebApi\Zero.Core.WebApi.csproj", "{32146A39-7D33-403E-A226-6BA557DF3C5F}"
EndProject
Project("{9A19103F-16F7-4668-BE54-9A1E7A4F7556}") = "Zero.Core.Common", "Zero.Core.Common\Zero.Core.Common.csproj", "{21DC8CF5-0F31-4C66-974B-C14F53046963}"
EndProject
Project("{9A19103F-16F7-4668-BE54-9A1E7A4F7556}") = "Zero.Core.Domain", "Zero.Core.Domain\Zero.Core.Domain.csproj", "{B65DE432-F508-4301-8885-AADE6C674A28}"
EndProject
Project("{9A19103F-16F7-4668-BE54-9A1E7A4F7556}") = "Zero.Core.EfCore", "Zero.Core.EfCore\Zero.Core.EfCore.csproj", "{5919183F-4EA6-446F-8A02-FDF626BBB9E3}"
EndProject
Project("{9A19103F-16F7-4668-BE54-9A1E7A4F7556}") = "Zero.Core.IRepositories", "Zero.Core.IRepositories\Zero.Core.IRepositories.csproj", "{95A69B3D-F4D1-42CB-897F-AD1FDD6EB6B1}"
EndProject
Project("{9A19103F-16F7-4668-BE54-9A1E7A4F7556}") = "Zero.Core.Repositories", "Zero.Core.Repositories\Zero.Core.Repositories.csproj", "{5D31C94D-72FD-4FB7-A281-CD07D98E06ED}"
EndProject
Project("{9A19103F-16F7-4668-BE54-9A1E7A4F7556}") = "Zero.Core.IServices", "Zero.Core.IServices\Zero.Core.IServices.csproj", "{A4DCC79C-EFA5-4E21-9B61-9DB70D88C3A2}"
EndProject
Project("{9A19103F-16F7-4668-BE54-9A1E7A4F7556}") = "Zero.Core.Services", "Zero.Core.Services\Zero.Core.Services.csproj", "{1BB5BBB7-E56F-492C-84A1-D7028EF7D6EC}"
EndProject
Project("{2150E333-8FDC-42A3-9474-1A3956D46DE8}") = "Repository", "Repository", "{C5AF30AD-7D37-480B-82F6-B2701A3AE98E}"
EndProject
Project("{2150E333-8FDC-42A3-9474-1A3956D46DE8}") = "Service", "Service", "{80B43DF0-6D02-41D1-8CF0-4350396B616D}"
EndProject
Project("{2150E333-8FDC-42A3-9474-1A3956D46DE8}") = "src", "src", "{8AFEF2CA-8958-4986-B1F0-9C37C93ED036}"
EndProject
Project("{2150E333-8FDC-42A3-9474-1A3956D46DE8}") = "test", "test", "{B04C48F5-A271-4FB5-9FEF-98A9CBBA6279}"
EndProject
Project("{9A19103F-16F7-4668-BE54-9A1E7A4F7556}") = "Zero.Core.xUnitTest", "Zero.Core.xUnitTest\Zero.Core.xUnitTest.csproj", "{7609F4DB-8288-4566-99DC-5140FEEC7B8C}"
EndProject
Project("{FAE04EC0-301F-11D3-BF4B-00C04F79EFBC}") = "Zero.Core.Quartz", "Zero.Core.Quartz\Zero.Core.Quartz.csproj", "{54017DE9-B8B2-4760-8E86-81FE613FA50E}"
EndProject
Global
	GlobalSection(SolutionConfigurationPlatforms) = preSolution
		Debug|Any CPU = Debug|Any CPU
		Release|Any CPU = Release|Any CPU
	EndGlobalSection
	GlobalSection(ProjectConfigurationPlatforms) = postSolution
		{32146A39-7D33-403E-A226-6BA557DF3C5F}.Debug|Any CPU.ActiveCfg = Debug|Any CPU
		{32146A39-7D33-403E-A226-6BA557DF3C5F}.Debug|Any CPU.Build.0 = Debug|Any CPU
		{32146A39-7D33-403E-A226-6BA557DF3C5F}.Release|Any CPU.ActiveCfg = Release|Any CPU
		{32146A39-7D33-403E-A226-6BA557DF3C5F}.Release|Any CPU.Build.0 = Release|Any CPU
		{21DC8CF5-0F31-4C66-974B-C14F53046963}.Debug|Any CPU.ActiveCfg = Debug|Any CPU
		{21DC8CF5-0F31-4C66-974B-C14F53046963}.Debug|Any CPU.Build.0 = Debug|Any CPU
		{21DC8CF5-0F31-4C66-974B-C14F53046963}.Release|Any CPU.ActiveCfg = Release|Any CPU
		{21DC8CF5-0F31-4C66-974B-C14F53046963}.Release|Any CPU.Build.0 = Release|Any CPU
		{B65DE432-F508-4301-8885-AADE6C674A28}.Debug|Any CPU.ActiveCfg = Debug|Any CPU
		{B65DE432-F508-4301-8885-AADE6C674A28}.Debug|Any CPU.Build.0 = Debug|Any CPU
		{B65DE432-F508-4301-8885-AADE6C674A28}.Release|Any CPU.ActiveCfg = Release|Any CPU
		{B65DE432-F508-4301-8885-AADE6C674A28}.Release|Any CPU.Build.0 = Release|Any CPU
		{5919183F-4EA6-446F-8A02-FDF626BBB9E3}.Debug|Any CPU.ActiveCfg = Debug|Any CPU
		{5919183F-4EA6-446F-8A02-FDF626BBB9E3}.Debug|Any CPU.Build.0 = Debug|Any CPU
		{5919183F-4EA6-446F-8A02-FDF626BBB9E3}.Release|Any CPU.ActiveCfg = Release|Any CPU
		{5919183F-4EA6-446F-8A02-FDF626BBB9E3}.Release|Any CPU.Build.0 = Release|Any CPU
		{95A69B3D-F4D1-42CB-897F-AD1FDD6EB6B1}.Debug|Any CPU.ActiveCfg = Debug|Any CPU
		{95A69B3D-F4D1-42CB-897F-AD1FDD6EB6B1}.Debug|Any CPU.Build.0 = Debug|Any CPU
		{95A69B3D-F4D1-42CB-897F-AD1FDD6EB6B1}.Release|Any CPU.ActiveCfg = Release|Any CPU
		{95A69B3D-F4D1-42CB-897F-AD1FDD6EB6B1}.Release|Any CPU.Build.0 = Release|Any CPU
		{5D31C94D-72FD-4FB7-A281-CD07D98E06ED}.Debug|Any CPU.ActiveCfg = Debug|Any CPU
		{5D31C94D-72FD-4FB7-A281-CD07D98E06ED}.Debug|Any CPU.Build.0 = Debug|Any CPU
		{5D31C94D-72FD-4FB7-A281-CD07D98E06ED}.Release|Any CPU.ActiveCfg = Release|Any CPU
		{5D31C94D-72FD-4FB7-A281-CD07D98E06ED}.Release|Any CPU.Build.0 = Release|Any CPU
		{A4DCC79C-EFA5-4E21-9B61-9DB70D88C3A2}.Debug|Any CPU.ActiveCfg = Debug|Any CPU
		{A4DCC79C-EFA5-4E21-9B61-9DB70D88C3A2}.Debug|Any CPU.Build.0 = Debug|Any CPU
		{A4DCC79C-EFA5-4E21-9B61-9DB70D88C3A2}.Release|Any CPU.ActiveCfg = Release|Any CPU
		{A4DCC79C-EFA5-4E21-9B61-9DB70D88C3A2}.Release|Any CPU.Build.0 = Release|Any CPU
		{1BB5BBB7-E56F-492C-84A1-D7028EF7D6EC}.Debug|Any CPU.ActiveCfg = Debug|Any CPU
		{1BB5BBB7-E56F-492C-84A1-D7028EF7D6EC}.Debug|Any CPU.Build.0 = Debug|Any CPU
		{1BB5BBB7-E56F-492C-84A1-D7028EF7D6EC}.Release|Any CPU.ActiveCfg = Release|Any CPU
		{1BB5BBB7-E56F-492C-84A1-D7028EF7D6EC}.Release|Any CPU.Build.0 = Release|Any CPU
		{7609F4DB-8288-4566-99DC-5140FEEC7B8C}.Debug|Any CPU.ActiveCfg = Debug|Any CPU
		{7609F4DB-8288-4566-99DC-5140FEEC7B8C}.Debug|Any CPU.Build.0 = Debug|Any CPU
		{7609F4DB-8288-4566-99DC-5140FEEC7B8C}.Release|Any CPU.ActiveCfg = Release|Any CPU
		{7609F4DB-8288-4566-99DC-5140FEEC7B8C}.Release|Any CPU.Build.0 = Release|Any CPU
		{54017DE9-B8B2-4760-8E86-81FE613FA50E}.Debug|Any CPU.ActiveCfg = Debug|Any CPU
		{54017DE9-B8B2-4760-8E86-81FE613FA50E}.Debug|Any CPU.Build.0 = Debug|Any CPU
		{54017DE9-B8B2-4760-8E86-81FE613FA50E}.Release|Any CPU.ActiveCfg = Release|Any CPU
		{54017DE9-B8B2-4760-8E86-81FE613FA50E}.Release|Any CPU.Build.0 = Release|Any CPU
	EndGlobalSection
	GlobalSection(SolutionProperties) = preSolution
		HideSolutionNode = FALSE
	EndGlobalSection
	GlobalSection(NestedProjects) = preSolution
		{32146A39-7D33-403E-A226-6BA557DF3C5F} = {8AFEF2CA-8958-4986-B1F0-9C37C93ED036}
		{21DC8CF5-0F31-4C66-974B-C14F53046963} = {8AFEF2CA-8958-4986-B1F0-9C37C93ED036}
		{B65DE432-F508-4301-8885-AADE6C674A28} = {8AFEF2CA-8958-4986-B1F0-9C37C93ED036}
		{5919183F-4EA6-446F-8A02-FDF626BBB9E3} = {8AFEF2CA-8958-4986-B1F0-9C37C93ED036}
		{95A69B3D-F4D1-42CB-897F-AD1FDD6EB6B1} = {C5AF30AD-7D37-480B-82F6-B2701A3AE98E}
		{5D31C94D-72FD-4FB7-A281-CD07D98E06ED} = {C5AF30AD-7D37-480B-82F6-B2701A3AE98E}
		{A4DCC79C-EFA5-4E21-9B61-9DB70D88C3A2} = {80B43DF0-6D02-41D1-8CF0-4350396B616D}
		{1BB5BBB7-E56F-492C-84A1-D7028EF7D6EC} = {80B43DF0-6D02-41D1-8CF0-4350396B616D}
		{C5AF30AD-7D37-480B-82F6-B2701A3AE98E} = {8AFEF2CA-8958-4986-B1F0-9C37C93ED036}
		{80B43DF0-6D02-41D1-8CF0-4350396B616D} = {8AFEF2CA-8958-4986-B1F0-9C37C93ED036}
		{7609F4DB-8288-4566-99DC-5140FEEC7B8C} = {B04C48F5-A271-4FB5-9FEF-98A9CBBA6279}
		{54017DE9-B8B2-4760-8E86-81FE613FA50E} = {8AFEF2CA-8958-4986-B1F0-9C37C93ED036}
	EndGlobalSection
	GlobalSection(ExtensibilityGlobals) = postSolution
		SolutionGuid = {32F10F1D-AAE9-4F6A-A8DA-8C56F9627356}
	EndGlobalSection
EndGlobal
